
Microsoft Visual Studio Solution File, Format Version 12.00
# Visual Studio Version 16
VisualStudioVersion = 16.0.30907.101
MinimumVisualStudioVersion = 10.0.40219.1
Project("{FAE04EC0-301F-11D3-BF4B-00C04F79EFBC}") = "ZipDependencyIncludeInVsixTask", "ZipDependencyIncludeInVsixTask\ZipDependencyIncludeInVsixTask.csproj", "{94E86FFB-1E15-410B-A5AF-06043D76B7DD}"
EndProject
Global
	GlobalSection(SolutionConfigurationPlatforms) = preSolution
		Debug|Any CPU = Debug|Any CPU
		Release|Any CPU = Release|Any CPU
	EndGlobalSection
	GlobalSection(ProjectConfigurationPlatforms) = postSolution
		{94E86FFB-1E15-410B-A5AF-06043D76B7DD}.Debug|Any CPU.ActiveCfg = Debug|Any CPU
		{94E86FFB-1E15-410B-A5AF-06043D76B7DD}.Debug|Any CPU.Build.0 = Debug|Any CPU
		{94E86FFB-1E15-410B-A5AF-06043D76B7DD}.Release|Any CPU.ActiveCfg = Release|Any CPU
		{94E86FFB-1E15-410B-A5AF-06043D76B7DD}.Release|Any CPU.Build.0 = Release|Any CPU
	EndGlobalSection
	GlobalSection(SolutionProperties) = preSolution
		HideSolutionNode = FALSE
	EndGlobalSection
	GlobalSection(ExtensibilityGlobals) = postSolution
		SolutionGuid = {E72FC1D1-140C-4E57-BDE0-C12DBAB480EA}
	EndGlobalSection
EndGlobal
